
Microsoft Visual Studio Solution File, Format Version 12.00
# Visual Studio Version 17
VisualStudioVersion = 17.0.31903.59
MinimumVisualStudioVersion = 10.0.40219.1
Project("{2150E333-8FDC-42A3-9474-1A3956D46DE8}") = "src", "src", "{827E0CD3-B72D-47B6-A68D-7590B98EB39B}"
EndProject
Project("{FAE04EC0-301F-11D3-BF4B-00C04F79EFBC}") = "Stalwart.MailParser.Port", "src\Stalwart.MailParser.Port.csproj", "{5EB012BA-A001-47F0-8926-7C65A1F2596D}"
EndProject
Project("{2150E333-8FDC-42A3-9474-1A3956D46DE8}") = "tests", "tests", "{0AB3BF05-4346-4AA6-1389-037BE0695223}"
EndProject
Project("{FAE04EC0-301F-11D3-BF4B-00C04F79EFBC}") = "Stalwart.MailParser.Port.Tests", "tests\Stalwart.MailParser.Port.Tests.csproj", "{5AA49867-F311-486C-9151-BCB08E13A542}"
EndProject
Project("{2150E333-8FDC-42A3-9474-1A3956D46DE8}") = "examples", "examples", "{B36A84DF-456D-A817-6EDD-3EC3E7F6E11F}"
EndProject
Project("{FAE04EC0-301F-11D3-BF4B-00C04F79EFBC}") = "custom_parser", "examples\custom_parser.csproj", "{C406EB07-E0CE-403B-956D-C86F6E75000D}"
EndProject
Project("{FAE04EC0-301F-11D3-BF4B-00C04F79EFBC}") = "mailbox_iterate_maildir", "examples\mailbox_iterate_maildir.csproj", "{C0A8DD23-285C-4ED1-9991-881A87CEDDE1}"
EndProject
Project("{FAE04EC0-301F-11D3-BF4B-00C04F79EFBC}") = "mailbox_parse_mbox", "examples\mailbox_parse_mbox.csproj", "{70E50862-B11F-4D97-9ED7-C14B07BAFF75}"
EndProject
Project("{FAE04EC0-301F-11D3-BF4B-00C04F79EFBC}") = "message_parse", "examples\message_parse.csproj", "{19128A22-FB17-4F58-9FDA-8EB5CF47C626}"
EndProject
Project("{FAE04EC0-301F-11D3-BF4B-00C04F79EFBC}") = "message_write_attachments", "examples\message_write_attachments.csproj", "{AE8269EE-820C-47D6-8C58-091245A601EB}"
EndProject
Project("{2150E333-8FDC-42A3-9474-1A3956D46DE8}") = "fuzz", "fuzz", "{90448AA3-F814-A1CB-DFCE-838EB2907C94}"
EndProject
Project("{2150E333-8FDC-42A3-9474-1A3956D46DE8}") = "fuzz_targets", "fuzz_targets", "{99014012-381D-619A-2727-556D98639ECB}"
EndProject
Project("{FAE04EC0-301F-11D3-BF4B-00C04F79EFBC}") = "mail_parser", "fuzz\fuzz_targets\mail_parser.csproj", "{CFC36C85-FDC1-4DE9-8761-57C5D461C466}"
EndProject
Global
	GlobalSection(SolutionConfigurationPlatforms) = preSolution
		Debug|Any CPU = Debug|Any CPU
		Debug|x64 = Debug|x64
		Debug|x86 = Debug|x86
		Release|Any CPU = Release|Any CPU
		Release|x64 = Release|x64
		Release|x86 = Release|x86
	EndGlobalSection
	GlobalSection(ProjectConfigurationPlatforms) = postSolution
		{5EB012BA-A001-47F0-8926-7C65A1F2596D}.Debug|Any CPU.ActiveCfg = Debug|Any CPU
		{5EB012BA-A001-47F0-8926-7C65A1F2596D}.Debug|Any CPU.Build.0 = Debug|Any CPU
		{5EB012BA-A001-47F0-8926-7C65A1F2596D}.Debug|x64.ActiveCfg = Debug|Any CPU
		{5EB012BA-A001-47F0-8926-7C65A1F2596D}.Debug|x64.Build.0 = Debug|Any CPU
		{5EB012BA-A001-47F0-8926-7C65A1F2596D}.Debug|x86.ActiveCfg = Debug|Any CPU
		{5EB012BA-A001-47F0-8926-7C65A1F2596D}.Debug|x86.Build.0 = Debug|Any CPU
		{5EB012BA-A001-47F0-8926-7C65A1F2596D}.Release|Any CPU.ActiveCfg = Release|Any CPU
		{5EB012BA-A001-47F0-8926-7C65A1F2596D}.Release|Any CPU.Build.0 = Release|Any CPU
		{5EB012BA-A001-47F0-8926-7C65A1F2596D}.Release|x64.ActiveCfg = Release|Any CPU
		{5EB012BA-A001-47F0-8926-7C65A1F2596D}.Release|x64.Build.0 = Release|Any CPU
		{5EB012BA-A001-47F0-8926-7C65A1F2596D}.Release|x86.ActiveCfg = Release|Any CPU
		{5EB012BA-A001-47F0-8926-7C65A1F2596D}.Release|x86.Build.0 = Release|Any CPU
		{5AA49867-F311-486C-9151-BCB08E13A542}.Debug|Any CPU.ActiveCfg = Debug|Any CPU
		{5AA49867-F311-486C-9151-BCB08E13A542}.Debug|Any CPU.Build.0 = Debug|Any CPU
		{5AA49867-F311-486C-9151-BCB08E13A542}.Debug|x64.ActiveCfg = Debug|Any CPU
		{5AA49867-F311-486C-9151-BCB08E13A542}.Debug|x64.Build.0 = Debug|Any CPU
		{5AA49867-F311-486C-9151-BCB08E13A542}.Debug|x86.ActiveCfg = Debug|Any CPU
		{5AA49867-F311-486C-9151-BCB08E13A542}.Debug|x86.Build.0 = Debug|Any CPU
		{5AA49867-F311-486C-9151-BCB08E13A542}.Release|Any CPU.ActiveCfg = Release|Any CPU
		{5AA49867-F311-486C-9151-BCB08E13A542}.Release|Any CPU.Build.0 = Release|Any CPU
		{5AA49867-F311-486C-9151-BCB08E13A542}.Release|x64.ActiveCfg = Release|Any CPU
		{5AA49867-F311-486C-9151-BCB08E13A542}.Release|x64.Build.0 = Release|Any CPU
		{5AA49867-F311-486C-9151-BCB08E13A542}.Release|x86.ActiveCfg = Release|Any CPU
		{5AA49867-F311-486C-9151-BCB08E13A542}.Release|x86.Build.0 = Release|Any CPU
		{C406EB07-E0CE-403B-956D-C86F6E75000D}.Debug|Any CPU.ActiveCfg = Debug|Any CPU
		{C406EB07-E0CE-403B-956D-C86F6E75000D}.Debug|Any CPU.Build.0 = Debug|Any CPU
		{C406EB07-E0CE-403B-956D-C86F6E75000D}.Debug|x64.ActiveCfg = Debug|Any CPU
		{C406EB07-E0CE-403B-956D-C86F6E75000D}.Debug|x64.Build.0 = Debug|Any CPU
		{C406EB07-E0CE-403B-956D-C86F6E75000D}.Debug|x86.ActiveCfg = Debug|Any CPU
		{C406EB07-E0CE-403B-956D-C86F6E75000D}.Debug|x86.Build.0 = Debug|Any CPU
		{C406EB07-E0CE-403B-956D-C86F6E75000D}.Release|Any CPU.ActiveCfg = Release|Any CPU
		{C406EB07-E0CE-403B-956D-C86F6E75000D}.Release|Any CPU.Build.0 = Release|Any CPU
		{C406EB07-E0CE-403B-956D-C86F6E75000D}.Release|x64.ActiveCfg = Release|Any CPU
		{C406EB07-E0CE-403B-956D-C86F6E75000D}.Release|x64.Build.0 = Release|Any CPU
		{C406EB07-E0CE-403B-956D-C86F6E75000D}.Release|x86.ActiveCfg = Release|Any CPU
		{C406EB07-E0CE-403B-956D-C86F6E75000D}.Release|x86.Build.0 = Release|Any CPU
		{C0A8DD23-285C-4ED1-9991-881A87CEDDE1}.Debug|Any CPU.ActiveCfg = Debug|Any CPU
		{C0A8DD23-285C-4ED1-9991-881A87CEDDE1}.Debug|Any CPU.Build.0 = Debug|Any CPU
		{C0A8DD23-285C-4ED1-9991-881A87CEDDE1}.Debug|x64.ActiveCfg = Debug|Any CPU
		{C0A8DD23-285C-4ED1-9991-881A87CEDDE1}.Debug|x64.Build.0 = Debug|Any CPU
		{C0A8DD23-285C-4ED1-9991-881A87CEDDE1}.Debug|x86.ActiveCfg = Debug|Any CPU
		{C0A8DD23-285C-4ED1-9991-881A87CEDDE1}.Debug|x86.Build.0 = Debug|Any CPU
		{C0A8DD23-285C-4ED1-9991-881A87CEDDE1}.Release|Any CPU.ActiveCfg = Release|Any CPU
		{C0A8DD23-285C-4ED1-9991-881A87CEDDE1}.Release|Any CPU.Build.0 = Release|Any CPU
		{C0A8DD23-285C-4ED1-9991-881A87CEDDE1}.Release|x64.ActiveCfg = Release|Any CPU
		{C0A8DD23-285C-4ED1-9991-881A87CEDDE1}.Release|x64.Build.0 = Release|Any CPU
		{C0A8DD23-285C-4ED1-9991-881A87CEDDE1}.Release|x86.ActiveCfg = Release|Any CPU
		{C0A8DD23-285C-4ED1-9991-881A87CEDDE1}.Release|x86.Build.0 = Release|Any CPU
		{70E50862-B11F-4D97-9ED7-C14B07BAFF75}.Debug|Any CPU.ActiveCfg = Debug|Any CPU
		{70E50862-B11F-4D97-9ED7-C14B07BAFF75}.Debug|Any CPU.Build.0 = Debug|Any CPU
		{70E50862-B11F-4D97-9ED7-C14B07BAFF75}.Debug|x64.ActiveCfg = Debug|Any CPU
		{70E50862-B11F-4D97-9ED7-C14B07BAFF75}.Debug|x64.Build.0 = Debug|Any CPU
		{70E50862-B11F-4D97-9ED7-C14B07BAFF75}.Debug|x86.ActiveCfg = Debug|Any CPU
		{70E50862-B11F-4D97-9ED7-C14B07BAFF75}.Debug|x86.Build.0 = Debug|Any CPU
		{70E50862-B11F-4D97-9ED7-C14B07BAFF75}.Release|Any CPU.ActiveCfg = Release|Any CPU
		{70E50862-B11F-4D97-9ED7-C14B07BAFF75}.Release|Any CPU.Build.0 = Release|Any CPU
		{70E50862-B11F-4D97-9ED7-C14B07BAFF75}.Release|x64.ActiveCfg = Release|Any CPU
		{70E50862-B11F-4D97-9ED7-C14B07BAFF75}.Release|x64.Build.0 = Release|Any CPU
		{70E50862-B11F-4D97-9ED7-C14B07BAFF75}.Release|x86.ActiveCfg = Release|Any CPU
		{70E50862-B11F-4D97-9ED7-C14B07BAFF75}.Release|x86.Build.0 = Release|Any CPU
		{19128A22-FB17-4F58-9FDA-8EB5CF47C626}.Debug|Any CPU.ActiveCfg = Debug|Any CPU
		{19128A22-FB17-4F58-9FDA-8EB5CF47C626}.Debug|Any CPU.Build.0 = Debug|Any CPU
		{19128A22-FB17-4F58-9FDA-8EB5CF47C626}.Debug|x64.ActiveCfg = Debug|Any CPU
		{19128A22-FB17-4F58-9FDA-8EB5CF47C626}.Debug|x64.Build.0 = Debug|Any CPU
		{19128A22-FB17-4F58-9FDA-8EB5CF47C626}.Debug|x86.ActiveCfg = Debug|Any CPU
		{19128A22-FB17-4F58-9FDA-8EB5CF47C626}.Debug|x86.Build.0 = Debug|Any CPU
		{19128A22-FB17-4F58-9FDA-8EB5CF47C626}.Release|Any CPU.ActiveCfg = Release|Any CPU
		{19128A22-FB17-4F58-9FDA-8EB5CF47C626}.Release|Any CPU.Build.0 = Release|Any CPU
		{19128A22-FB17-4F58-9FDA-8EB5CF47C626}.Release|x64.ActiveCfg = Release|Any CPU
		{19128A22-FB17-4F58-9FDA-8EB5CF47C626}.Release|x64.Build.0 = Release|Any CPU
		{19128A22-FB17-4F58-9FDA-8EB5CF47C626}.Release|x86.ActiveCfg = Release|Any CPU
		{19128A22-FB17-4F58-9FDA-8EB5CF47C626}.Release|x86.Build.0 = Release|Any CPU
		{AE8269EE-820C-47D6-8C58-091245A601EB}.Debug|Any CPU.ActiveCfg = Debug|Any CPU
		{AE8269EE-820C-47D6-8C58-091245A601EB}.Debug|Any CPU.Build.0 = Debug|Any CPU
		{AE8269EE-820C-47D6-8C58-091245A601EB}.Debug|x64.ActiveCfg = Debug|Any CPU
		{AE8269EE-820C-47D6-8C58-091245A601EB}.Debug|x64.Build.0 = Debug|Any CPU
		{AE8269EE-820C-47D6-8C58-091245A601EB}.Debug|x86.ActiveCfg = Debug|Any CPU
		{AE8269EE-820C-47D6-8C58-091245A601EB}.Debug|x86.Build.0 = Debug|Any CPU
		{AE8269EE-820C-47D6-8C58-091245A601EB}.Release|Any CPU.ActiveCfg = Release|Any CPU
		{AE8269EE-820C-47D6-8C58-091245A601EB}.Release|Any CPU.Build.0 = Release|Any CPU
		{AE8269EE-820C-47D6-8C58-091245A601EB}.Release|x64.ActiveCfg = Release|Any CPU
		{AE8269EE-820C-47D6-8C58-091245A601EB}.Release|x64.Build.0 = Release|Any CPU
		{AE8269EE-820C-47D6-8C58-091245A601EB}.Release|x86.ActiveCfg = Release|Any CPU
		{AE8269EE-820C-47D6-8C58-091245A601EB}.Release|x86.Build.0 = Release|Any CPU
		{CFC36C85-FDC1-4DE9-8761-57C5D461C466}.Debug|Any CPU.ActiveCfg = Debug|Any CPU
		{CFC36C85-FDC1-4DE9-8761-57C5D461C466}.Debug|Any CPU.Build.0 = Debug|Any CPU
		{CFC36C85-FDC1-4DE9-8761-57C5D461C466}.Debug|x64.ActiveCfg = Debug|Any CPU
		{CFC36C85-FDC1-4DE9-8761-57C5D461C466}.Debug|x64.Build.0 = Debug|Any CPU
		{CFC36C85-FDC1-4DE9-8761-57C5D461C466}.Debug|x86.ActiveCfg = Debug|Any CPU
		{CFC36C85-FDC1-4DE9-8761-57C5D461C466}.Debug|x86.Build.0 = Debug|Any CPU
		{CFC36C85-FDC1-4DE9-8761-57C5D461C466}.Release|Any CPU.ActiveCfg = Release|Any CPU
		{CFC36C85-FDC1-4DE9-8761-57C5D461C466}.Release|Any CPU.Build.0 = Release|Any CPU
		{CFC36C85-FDC1-4DE9-8761-57C5D461C466}.Release|x64.ActiveCfg = Release|Any CPU
		{CFC36C85-FDC1-4DE9-8761-57C5D461C466}.Release|x64.Build.0 = Release|Any CPU
		{CFC36C85-FDC1-4DE9-8761-57C5D461C466}.Release|x86.ActiveCfg = Release|Any CPU
		{CFC36C85-FDC1-4DE9-8761-57C5D461C466}.Release|x86.Build.0 = Release|Any CPU
	EndGlobalSection
	GlobalSection(SolutionProperties) = preSolution
		HideSolutionNode = FALSE
	EndGlobalSection
	GlobalSection(NestedProjects) = preSolution
		{5EB012BA-A001-47F0-8926-7C65A1F2596D} = {827E0CD3-B72D-47B6-A68D-7590B98EB39B}
		{5AA49867-F311-486C-9151-BCB08E13A542} = {0AB3BF05-4346-4AA6-1389-037BE0695223}
		{C406EB07-E0CE-403B-956D-C86F6E75000D} = {B36A84DF-456D-A817-6EDD-3EC3E7F6E11F}
		{C0A8DD23-285C-4ED1-9991-881A87CEDDE1} = {B36A84DF-456D-A817-6EDD-3EC3E7F6E11F}
		{70E50862-B11F-4D97-9ED7-C14B07BAFF75} = {B36A84DF-456D-A817-6EDD-3EC3E7F6E11F}
		{19128A22-FB17-4F58-9FDA-8EB5CF47C626} = {B36A84DF-456D-A817-6EDD-3EC3E7F6E11F}
		{AE8269EE-820C-47D6-8C58-091245A601EB} = {B36A84DF-456D-A817-6EDD-3EC3E7F6E11F}
		{99014012-381D-619A-2727-556D98639ECB} = {90448AA3-F814-A1CB-DFCE-838EB2907C94}
		{CFC36C85-FDC1-4DE9-8761-57C5D461C466} = {99014012-381D-619A-2727-556D98639ECB}
	EndGlobalSection
EndGlobal
